
Microsoft Visual Studio Solution File, Format Version 12.00
# Visual Studio 15
VisualStudioVersion = 15.0.27428.2043
MinimumVisualStudioVersion = 10.0.40219.1
Project("{FAE04EC0-301F-11D3-BF4B-00C04F79EFBC}") = "Web", "Web\Web.csproj", "{9EB5F3B1-FBC2-4A2A-BC47-45F0A7869D63}"
EndProject
Project("{FAE04EC0-301F-11D3-BF4B-00C04F79EFBC}") = "DataAccess", "DataAccess\DataAccess.csproj", "{220DED80-146F-4D9B-8813-7B753064D702}"
EndProject
Project("{FAE04EC0-301F-11D3-BF4B-00C04F79EFBC}") = "Utility", "Utility\Utility.csproj", "{8E504493-31FB-4AAC-A11E-3E486A906102}"
EndProject
Project("{FAE04EC0-301F-11D3-BF4B-00C04F79EFBC}") = "Entity", "Entity\Entity.csproj", "{E93502EE-FE61-4960-9346-A6206A61484F}"
EndProject
Project("{FAE04EC0-301F-11D3-BF4B-00C04F79EFBC}") = "ViewModel", "ViewModel\ViewModel.csproj", "{5D67FE09-770B-46DE-BA5F-D26D81AA2BA8}"
EndProject
Global
	GlobalSection(SolutionConfigurationPlatforms) = preSolution
		Debug|Any CPU = Debug|Any CPU
		Release|Any CPU = Release|Any CPU
	EndGlobalSection
	GlobalSection(ProjectConfigurationPlatforms) = postSolution
		{9EB5F3B1-FBC2-4A2A-BC47-45F0A7869D63}.Debug|Any CPU.ActiveCfg = Debug|Any CPU
		{9EB5F3B1-FBC2-4A2A-BC47-45F0A7869D63}.Debug|Any CPU.Build.0 = Debug|Any CPU
		{9EB5F3B1-FBC2-4A2A-BC47-45F0A7869D63}.Release|Any CPU.ActiveCfg = Release|Any CPU
		{9EB5F3B1-FBC2-4A2A-BC47-45F0A7869D63}.Release|Any CPU.Build.0 = Release|Any CPU
		{220DED80-146F-4D9B-8813-7B753064D702}.Debug|Any CPU.ActiveCfg = Debug|Any CPU
		{220DED80-146F-4D9B-8813-7B753064D702}.Debug|Any CPU.Build.0 = Debug|Any CPU
		{220DED80-146F-4D9B-8813-7B753064D702}.Release|Any CPU.ActiveCfg = Release|Any CPU
		{220DED80-146F-4D9B-8813-7B753064D702}.Release|Any CPU.Build.0 = Release|Any CPU
		{8E504493-31FB-4AAC-A11E-3E486A906102}.Debug|Any CPU.ActiveCfg = Debug|Any CPU
		{8E504493-31FB-4AAC-A11E-3E486A906102}.Debug|Any CPU.Build.0 = Debug|Any CPU
		{8E504493-31FB-4AAC-A11E-3E486A906102}.Release|Any CPU.ActiveCfg = Release|Any CPU
		{8E504493-31FB-4AAC-A11E-3E486A906102}.Release|Any CPU.Build.0 = Release|Any CPU
		{E93502EE-FE61-4960-9346-A6206A61484F}.Debug|Any CPU.ActiveCfg = Debug|Any CPU
		{E93502EE-FE61-4960-9346-A6206A61484F}.Debug|Any CPU.Build.0 = Debug|Any CPU
		{E93502EE-FE61-4960-9346-A6206A61484F}.Release|Any CPU.ActiveCfg = Release|Any CPU
		{E93502EE-FE61-4960-9346-A6206A61484F}.Release|Any CPU.Build.0 = Release|Any CPU
		{5D67FE09-770B-46DE-BA5F-D26D81AA2BA8}.Debug|Any CPU.ActiveCfg = Debug|Any CPU
		{5D67FE09-770B-46DE-BA5F-D26D81AA2BA8}.Debug|Any CPU.Build.0 = Debug|Any CPU
		{5D67FE09-770B-46DE-BA5F-D26D81AA2BA8}.Release|Any CPU.ActiveCfg = Release|Any CPU
		{5D67FE09-770B-46DE-BA5F-D26D81AA2BA8}.Release|Any CPU.Build.0 = Release|Any CPU
	EndGlobalSection
	GlobalSection(SolutionProperties) = preSolution
		HideSolutionNode = FALSE
	EndGlobalSection
	GlobalSection(ExtensibilityGlobals) = postSolution
		SolutionGuid = {31CB4EE0-AFFA-4384-9EC9-4B9833228B34}
	EndGlobalSection
EndGlobal
